PODS:
  - Apple-Cocoapod-KochavaCore (6.1.0)
  - Apple-Cocoapod-KochavaUI (6.1.0):
    - Apple-Cocoapod-KochavaCore (~> 6.1.0)

DEPENDENCIES:
  - Apple-Cocoapod-KochavaUI (from `../`)

SPEC REPOS:
  trunk:
    - Apple-Cocoapod-KochavaCore

EXTERNAL SOURCES:
  Apple-Cocoapod-KochavaUI:
    :path: "../"

SPEC CHECKSUMS:
  Apple-Cocoapod-KochavaCore: 8baf9085fcee63ee3a4731fd5e5d9c577ddb8eef
  Apple-Cocoapod-KochavaUI: c32bf926ee49fe8a8441b235f8460608108fac71

PODFILE CHECKSUM: 333b37e90920e0fe60d66a83bdd29bbb950ed106

COCOAPODS: 1.11.3
