PODS:
  - Apple-Cocoapod-KochavaCore (7.2.0)
  - Apple-Cocoapod-KochavaUI (7.2.0):
    - Apple-Cocoapod-KochavaCore (~> 7.2.0)

DEPENDENCIES:
  - Apple-Cocoapod-KochavaUI (from `../`)

SPEC REPOS:
  trunk:
    - Apple-Cocoapod-KochavaCore

EXTERNAL SOURCES:
  Apple-Cocoapod-KochavaUI:
    :path: "../"

SPEC CHECKSUMS:
  Apple-Cocoapod-KochavaCore: 2cf9de131b2b73f000741ecc8672b90961e704d9
  Apple-Cocoapod-KochavaUI: fe4e060c20aeaf2f454fc66d0f959bcbdbbc1789

PODFILE CHECKSUM: fd3e56492425091bc74cabb3536f3d1f7105c235

COCOAPODS: 1.11.3
